
Microsoft Visual Studio Solution File, Format Version 11.00
# Visual Studio 2010
Project("{FAE04EC0-301F-11D3-BF4B-00C04F79EFBC}") = "HMD", "Assembly-CSharp.csproj", "{6248B798-03F8-5C1E-8F8C-83B8DE303A1D}"
EndProject
Project("{FAE04EC0-301F-11D3-BF4B-00C04F79EFBC}") = "HMD", "Assembly-CSharp-Editor.csproj", "{E206B97D-141F-D043-D83A-7D5087C96FA4}"
EndProject
Global
	GlobalSection(SolutionConfigurationPlatforms) = preSolution
		Debug|Any CPU = Debug|Any CPU
		Release|Any CPU = Release|Any CPU
	EndGlobalSection
	GlobalSection(ProjectConfigurationPlatforms) = postSolution
		{6248B798-03F8-5C1E-8F8C-83B8DE303A1D}.Debug|Any CPU.ActiveCfg = Debug|Any CPU
		{6248B798-03F8-5C1E-8F8C-83B8DE303A1D}.Debug|Any CPU.Build.0 = Debug|Any CPU
		{6248B798-03F8-5C1E-8F8C-83B8DE303A1D}.Release|Any CPU.ActiveCfg = Release|Any CPU
		{6248B798-03F8-5C1E-8F8C-83B8DE303A1D}.Release|Any CPU.Build.0 = Release|Any CPU
		{E206B97D-141F-D043-D83A-7D5087C96FA4}.Debug|Any CPU.ActiveCfg = Debug|Any CPU
		{E206B97D-141F-D043-D83A-7D5087C96FA4}.Debug|Any CPU.Build.0 = Debug|Any CPU
		{E206B97D-141F-D043-D83A-7D5087C96FA4}.Release|Any CPU.ActiveCfg = Release|Any CPU
		{E206B97D-141F-D043-D83A-7D5087C96FA4}.Release|Any CPU.Build.0 = Release|Any CPU
	EndGlobalSection
	GlobalSection(SolutionProperties) = preSolution
		HideSolutionNode = FALSE
	EndGlobalSection
	GlobalSection(MonoDevelopProperties) = preSolution
		StartupItem = Assembly-CSharp.csproj
	EndGlobalSection
EndGlobal
